// !$*UTF8*$!
{
	archiveVersion = 1;
	classes = {
	};
	objectVersion = 50;
	objects = {

/* Begin PBXBuildFile section */
		341BF69C222BB3170079EC19 /* AppDelegate.swift in Sources */ = {isa = PBXBuildFile; fileRef = 341BF69B222BB3170079EC19 /* AppDelegate.swift */; };
		341BF69E222BB3170079EC19 /* ViewController.swift in Sources */ = {isa = PBXBuildFile; fileRef = 341BF69D222BB3170079EC19 /* ViewController.swift */; };
		341BF6A1222BB3170079EC19 /* Main.storyboard in Resources */ = {isa = PBXBuildFile; fileRef = 341BF69F222BB3170079EC19 /* Main.storyboard */; };
		341BF6A3222BB3180079EC19 /* Assets.xcassets in Resources */ = {isa = PBXBuildFile; fileRef = 341BF6A2222BB3180079EC19 /* Assets.xcassets */; };
		341BF6A6222BB3180079EC19 /* LaunchScreen.storyboard in Resources */ = {isa = PBXBuildFile; fileRef = 341BF6A4222BB3180079EC19 /* LaunchScreen.storyboard */; };
		341BF6CC222BDB390079EC19 /* MoreViewController.swift in Sources */ = {isa = PBXBuildFile; fileRef = 341BF6CB222BDB390079EC19 /* MoreViewController.swift */; };
		341BF6CE222BE1B00079EC19 /* LoginViewController.swift in Sources */ = {isa = PBXBuildFile; fileRef = 341BF6CD222BE1B00079EC19 /* LoginViewController.swift */; };
		341BF6D2222BE79F0079EC19 /* MoreTableViewController.swift in Sources */ = {isa = PBXBuildFile; fileRef = 341BF6D1222BE79F0079EC19 /* MoreTableViewController.swift */; };
		341BF6F4222BF7EC0079EC19 /* mainCell.swift in Sources */ = {isa = PBXBuildFile; fileRef = 341BF6F3222BF7EC0079EC19 /* mainCell.swift */; };
/* End PBXBuildFile section */

/* Begin PBXFileReference section */
		341BF698222BB3170079EC19 /* SigSag.app */ = {isa = PBXFileReference; explicitFileType = wrapper.application; includeInIndex = 0; path = SigSag.app; sourceTree = BUILT_PRODUCTS_DIR; };
		341BF69B222BB3170079EC19 /* AppDelegate.swift */ = {isa = PBXFileReference; lastKnownFileType = sourcecode.swift; path = AppDelegate.swift; sourceTree = "<group>"; };
		341BF69D222BB3170079EC19 /* ViewController.swift */ = {isa = PBXFileReference; lastKnownFileType = sourcecode.swift; path = ViewController.swift; sourceTree = "<group>"; };
		341BF6A0222BB3170079EC19 /* Base */ = {isa = PBXFileReference; lastKnownFileType = file.storyboard; name = Base; path = Base.lproj/Main.storyboard; sourceTree = "<group>"; };
		341BF6A2222BB3180079EC19 /* Assets.xcassets */ = {isa = PBXFileReference; lastKnownFileType = folder.assetcatalog; path = Assets.xcassets; sourceTree = "<group>"; };
		341BF6A5222BB3180079EC19 /* Base */ = {isa = PBXFileReference; lastKnownFileType = file.storyboard; name = Base; path = Base.lproj/LaunchScreen.storyboard; sourceTree = "<group>"; };
		341BF6A7222BB3180079EC19 /* Info.plist */ = {isa = PBXFileReference; lastKnownFileType = text.plist.xml; path = Info.plist; sourceTree = "<group>"; };
		341BF6CB222BDB390079EC19 /* MoreViewController.swift */ = {isa = PBXFileReference; lastKnownFileType = sourcecode.swift; path = MoreViewController.swift; sourceTree = "<group>"; };
		341BF6CD222BE1B00079EC19 /* LoginViewController.swift */ = {isa = PBXFileReference; lastKnownFileType = sourcecode.swift; path = LoginViewController.swift; sourceTree = "<group>"; };
		341BF6D1222BE79F0079EC19 /* MoreTableViewController.swift */ = {isa = PBXFileReference; lastKnownFileType = sourcecode.swift; path = MoreTableViewController.swift; sourceTree = "<group>"; };
		341BF6F3222BF7EC0079EC19 /* mainCell.swift */ = {isa = PBXFileReference; lastKnownFileType = sourcecode.swift; path = mainCell.swift; sourceTree = "<group>"; };
/* End PBXFileReference section */

/* Begin PBXFrameworksBuildPhase section */
		341BF695222BB3170079EC19 /* Frameworks */ = {
			isa = PBXFrameworksBuildPhase;
			buildActionMask = 2147483647;
			files = (
			);
			runOnlyForDeploymentPostprocessing = 0;
		};
/* End PBXFrameworksBuildPhase section */

/* Begin PBXGroup section */
		341BF68F222BB3170079EC19 = {
			isa = PBXGroup;
			children = (
				341BF69A222BB3170079EC19 /* SigSag */,
				341BF699222BB3170079EC19 /* Products */,
			);
			sourceTree = "<group>";
		};
		341BF699222BB3170079EC19 /* Products */ = {
			isa = PBXGroup;
			children = (
				341BF698222BB3170079EC19 /* SigSag.app */,
			);
			name = Products;
			sourceTree = "<group>";
		};
		341BF69A222BB3170079EC19 /* SigSag */ = {
			isa = PBXGroup;
			children = (
				341BF69B222BB3170079EC19 /* AppDelegate.swift */,
				341BF69D222BB3170079EC19 /* ViewController.swift */,
				341BF6D1222BE79F0079EC19 /* MoreTableViewController.swift */,
				341BF6CD222BE1B00079EC19 /* LoginViewController.swift */,
				341BF6F3222BF7EC0079EC19 /* mainCell.swift */,
				341BF69F222BB3170079EC19 /* Main.storyboard */,
				341BF6A2222BB3180079EC19 /* Assets.xcassets */,
				341BF6A4222BB3180079EC19 /* LaunchScreen.storyboard */,
				341BF6A7222BB3180079EC19 /* Info.plist */,
				341BF6CB222BDB390079EC19 /* MoreViewController.swift */,
			);
			path = SigSag;
			sourceTree = "<group>";
		};
/* End PBXGroup section */

/* Begin PBXNativeTarget section */
		341BF697222BB3170079EC19 /* SigSag */ = {
			isa = PBXNativeTarget;
			buildConfigurationList = 341BF6AA222BB3180079EC19 /* Build configuration list for PBXNativeTarget "SigSag" */;
			buildPhases = (
				341BF694222BB3170079EC19 /* Sources */,
				341BF695222BB3170079EC19 /* Frameworks */,
				341BF696222BB3170079EC19 /* Resources */,
			);
			buildRules = (
			);
			dependencies = (
			);
			name = SigSag;
			productName = SigSag;
			productReference = 341BF698222BB3170079EC19 /* SigSag.app */;
			productType = "com.apple.product-type.application";
		};
/* End PBXNativeTarget section */

/* Begin PBXProject section */
		341BF690222BB3170079EC19 /* Project object */ = {
			isa = PBXProject;
			attributes = {
				LastSwiftUpdateCheck = 1010;
				LastUpgradeCheck = 1010;
				ORGANIZATIONNAME = "김시환";
				TargetAttributes = {
					341BF697222BB3170079EC19 = {
						CreatedOnToolsVersion = 10.1;
					};
				};
			};
			buildConfigurationList = 341BF693222BB3170079EC19 /* Build configuration list for PBXProject "SigSag" */;
			compatibilityVersion = "Xcode 9.3";
			developmentRegion = en;
			hasScannedForEncodings = 0;
			knownRegions = (
				en,
				Base,
			);
			mainGroup = 341BF68F222BB3170079EC19;
			productRefGroup = 341BF699222BB3170079EC19 /* Products */;
			projectDirPath = "";
			projectRoot = "";
			targets = (
				341BF697222BB3170079EC19 /* SigSag */,
			);
		};
/* End PBXProject section */

/* Begin PBXResourcesBuildPhase section */
		341BF696222BB3170079EC19 /* Resources */ = {
			isa = PBXResourcesBuildPhase;
			buildActionMask = 2147483647;
			files = (
				341BF6A6222BB3180079EC19 /* LaunchScreen.storyboard in Resources */,
				341BF6A3222BB3180079EC19 /* Assets.xcassets in Resources */,
				341BF6A1222BB3170079EC19 /* Main.storyboard in Resources */,
			);
			runOnlyForDeploymentPostprocessing = 0;
		};
/* End PBXResourcesBuildPhase section */

/* Begin PBXSourcesBuildPhase section */
		341BF694222BB3170079EC19 /* Sources */ = {
			isa = PBXSourcesBuildPhase;
			buildActionMask = 2147483647;
			files = (
				341BF6CE222BE1B00079EC19 /* LoginViewController.swift in Sources */,
				341BF6CC222BDB390079EC19 /* MoreViewController.swift in Sources */,
				341BF69E222BB3170079EC19 /* ViewController.swift in Sources */,
				341BF69C222BB3170079EC19 /* AppDelegate.swift in Sources */,
				341BF6F4222BF7EC0079EC19 /* mainCell.swift in Sources */,
				341BF6D2222BE79F0079EC19 /* MoreTableViewController.swift in Sources */,
			);
			runOnlyForDeploymentPostprocessing = 0;
		};
/* End PBXSourcesBuildPhase section */

/* Begin PBXVariantGroup section */
		341BF69F222BB3170079EC19 /* Main.storyboard */ = {
			isa = PBXVariantGroup;
			children = (
				341BF6A0222BB3170079EC19 /* Base */,
			);
			name = Main.storyboard;
			sourceTree = "<group>";
		};
		341BF6A4222BB3180079EC19 /* LaunchScreen.storyboard */ = {
			isa = PBXVariantGroup;
			children = (
				341BF6A5222BB3180079EC19 /* Base */,
			);
			name = LaunchScreen.storyboard;
			sourceTree = "<group>";
		};
/* End PBXVariantGroup section */

/* Begin XCBuildConfiguration section */
		341BF6A8222BB3180079EC19 /* Debug */ = {
			isa = XCBuildConfiguration;
			buildSettings = {
				ALWAYS_SEARCH_USER_PATHS = NO;
				CLANG_ANALYZER_NONNULL = YES;
				CLANG_ANALYZER_NUMBER_OBJECT_CONVERSION = YES_AGGRESSIVE;
				CLANG_CXX_LANGUAGE_STANDARD = "gnu++14";
				CLANG_CXX_LIBRARY = "libc++";
				CLANG_ENABLE_MODULES = YES;
				CLANG_ENABLE_OBJC_ARC = YES;
				CLANG_ENABLE_OBJC_WEAK = YES;
				CLANG_WARN_BLOCK_CAPTURE_AUTORELEASING = YES;
				CLANG_WARN_BOOL_CONVERSION = YES;
				CLANG_WARN_COMMA = YES;
				CLANG_WARN_CONSTANT_CONVERSION = YES;
				CLANG_WARN_DEPRECATED_OBJC_IMPLEMENTATIONS = YES;
				CLANG_WARN_DIRECT_OBJC_ISA_USAGE = YES_ERROR;
				CLANG_WARN_DOCUMENTATION_COMMENTS = YES;
				CLANG_WARN_EMPTY_BODY = YES;
				CLANG_WARN_ENUM_CONVERSION = YES;
				CLANG_WARN_INFINITE_RECURSION = YES;
				CLANG_WARN_INT_CONVERSION = YES;
				CLANG_WARN_NON_LITERAL_NULL_CONVERSION = YES;
				CLANG_WARN_OBJC_IMPLICIT_RETAIN_SELF = YES;
				CLANG_WARN_OBJC_LITERAL_CONVERSION = YES;
				CLANG_WARN_OBJC_ROOT_CLASS = YES_ERROR;
				CLANG_WARN_RANGE_LOOP_ANALYSIS = YES;
				CLANG_WARN_STRICT_PROTOTYPES = YES;
				CLANG_WARN_SUSPICIOUS_MOVE = YES;
				CLANG_WARN_UNGUARDED_AVAILABILITY = YES_AGGRESSIVE;
				CLANG_WARN_UNREACHABLE_CODE = YES;
				CLANG_WARN__DUPLICATE_METHOD_MATCH = YES;
				CODE_SIGN_IDENTITY = "iPhone Developer";
				COPY_PHASE_STRIP = NO;
				DEBUG_INFORMATION_FORMAT = dwarf;
				ENABLE_STRICT_OBJC_MSGSEND = YES;
				ENABLE_TESTABILITY = YES;
				GCC_C_LANGUAGE_STANDARD = gnu11;
				GCC_DYNAMIC_NO_PIC = NO;
				GCC_NO_COMMON_BLOCKS = YES;
				GCC_OPTIMIZATION_LEVEL = 0;
				GCC_PREPROCESSOR_DEFINITIONS = (
					"DEBUG=1",
					"$(inherited)",
				);
				GCC_WARN_64_TO_32_BIT_CONVERSION = YES;
				GCC_WARN_ABOUT_RETURN_TYPE = YES_ERROR;
				GCC_WARN_UNDECLARED_SELECTOR = YES;
				GCC_WARN_UNINITIALIZED_AUTOS = YES_AGGRESSIVE;
				GCC_WARN_UNUSED_FUNCTION = YES;
				GCC_WARN_UNUSED_VARIABLE = YES;
				IPHONEOS_DEPLOYMENT_TARGET = 12.1;
				MTL_ENABLE_DEBUG_INFO = INCLUDE_SOURCE;
				MTL_FAST_MATH = YES;
				ONLY_ACTIVE_ARCH = YES;
				SDKROOT = iphoneos;
				SWIFT_ACTIVE_COMPILATION_CONDITIONS = DEBUG;
				SWIFT_OPTIMIZATION_LEVEL = "-Onone";
			};
			name = Debug;
		};
		341BF6A9222BB3180079EC19 /* Release */ = {
			isa = XCBuildConfiguration;
			buildSettings = {
				ALWAYS_SEARCH_USER_PATHS = NO;
				CLANG_ANALYZER_NONNULL = YES;
				CLANG_ANALYZER_NUMBER_OBJECT_CONVERSION = YES_AGGRESSIVE;
				CLANG_CXX_LANGUAGE_STANDARD = "gnu++14";
				CLANG_CXX_LIBRARY = "libc++";
				CLANG_ENABLE_MODULES = YES;
				CLANG_ENABLE_OBJC_ARC = YES;
				CLANG_ENABLE_OBJC_WEAK = YES;
				CLANG_WARN_BLOCK_CAPTURE_AUTORELEASING = YES;
				CLANG_WARN_BOOL_CONVERSION = YES;
				CLANG_WARN_COMMA = YES;
				CLANG_WARN_CONSTANT_CONVERSION = YES;
				CLANG_WARN_DEPRECATED_OBJC_IMPLEMENTATIONS = YES;
				CLANG_WARN_DIRECT_OBJC_ISA_USAGE = YES_ERROR;
				CLANG_WARN_DOCUMENTATION_COMMENTS = YES;
				CLANG_WARN_EMPTY_BODY = YES;
				CLANG_WARN_ENUM_CONVERSION = YES;
				CLANG_WARN_INFINITE_RECURSION = YES;
				CLANG_WARN_INT_CONVERSION = YES;
				CLANG_WARN_NON_LITERAL_NULL_CONVERSION = YES;
				CLANG_WARN_OBJC_IMPLICIT_RETAIN_SELF = YES;
				CLANG_WARN_OBJC_LITERAL_CONVERSION = YES;
				CLANG_WARN_OBJC_ROOT_CLASS = YES_ERROR;
				CLANG_WARN_RANGE_LOOP_ANALYSIS = YES;
				CLANG_WARN_STRICT_PROTOTYPES = YES;
				CLANG_WARN_SUSPICIOUS_MOVE = YES;
				CLANG_WARN_UNGUARDED_AVAILABILITY = YES_AGGRESSIVE;
				CLANG_WARN_UNREACHABLE_CODE = YES;
				CLANG_WARN__DUPLICATE_METHOD_MATCH = YES;
				CODE_SIGN_IDENTITY = "iPhone Developer";
				COPY_PHASE_STRIP = NO;
				DEBUG_INFORMATION_FORMAT = "dwarf-with-dsym";
				ENABLE_NS_ASSERTIONS = NO;
				ENABLE_STRICT_OBJC_MSGSEND = YES;
				GCC_C_LANGUAGE_STANDARD = gnu11;
				GCC_NO_COMMON_BLOCKS = YES;
				GCC_WARN_64_TO_32_BIT_CONVERSION = YES;
				GCC_WARN_ABOUT_RETURN_TYPE = YES_ERROR;
				GCC_WARN_UNDECLARED_SELECTOR = YES;
				GCC_WARN_UNINITIALIZED_AUTOS = YES_AGGRESSIVE;
				GCC_WARN_UNUSED_FUNCTION = YES;
				GCC_WARN_UNUSED_VARIABLE = YES;
				IPHONEOS_DEPLOYMENT_TARGET = 12.1;
				MTL_ENABLE_DEBUG_INFO = NO;
				MTL_FAST_MATH = YES;
				SDKROOT = iphoneos;
				SWIFT_COMPILATION_MODE = wholemodule;
				SWIFT_OPTIMIZATION_LEVEL = "-O";
				VALIDATE_PRODUCT = YES;
			};
			name = Release;
		};
		341BF6AB222BB3180079EC19 /* Debug */ = {
			isa = XCBuildConfiguration;
			buildSettings = {
				ASSETCATALOG_COMPILER_APPICON_NAME = AppIcon;
				CODE_SIGN_STYLE = Automatic;
				INFOPLIST_FILE = SigSag/Info.plist;
				LD_RUNPATH_SEARCH_PATHS = (
					"$(inherited)",
					"@executable_path/Frameworks",
				);
				PRODUCT_BUNDLE_IDENTIFIER = com.company.ksh.SigSag;
				PRODUCT_NAME = "$(TARGET_NAME)";
				SWIFT_VERSION = 4.2;
				TARGETED_DEVICE_FAMILY = "1,2";
			};
			name = Debug;
		};
		341BF6AC222BB3180079EC19 /* Release */ = {
			isa = XCBuildConfiguration;
			buildSettings = {
				ASSETCATALOG_COMPILER_APPICON_NAME = AppIcon;
				CODE_SIGN_STYLE = Automatic;
				INFOPLIST_FILE = SigSag/Info.plist;
				LD_RUNPATH_SEARCH_PATHS = (
					"$(inherited)",
					"@executable_path/Frameworks",
				);
				PRODUCT_BUNDLE_IDENTIFIER = com.company.ksh.SigSag;
				PRODUCT_NAME = "$(TARGET_NAME)";
				SWIFT_VERSION = 4.2;
				TARGETED_DEVICE_FAMILY = "1,2";
			};
			name = Release;
		};
/* End XCBuildConfiguration section */

/* Begin XCConfigurationList section */
		341BF693222BB3170079EC19 /* Build configuration list for PBXProject "SigSag" */ = {
			isa = XCConfigurationList;
			buildConfigurations = (
				341BF6A8222BB3180079EC19 /* Debug */,
				341BF6A9222BB3180079EC19 /* Release */,
			);
			defaultConfigurationIsVisible = 0;
			defaultConfigurationName = Release;
		};
		341BF6AA222BB3180079EC19 /* Build configuration list for PBXNativeTarget "SigSag" */ = {
			isa = XCConfigurationList;
			buildConfigurations = (
				341BF6AB222BB3180079EC19 /* Debug */,
				341BF6AC222BB3180079EC19 /* Release */,
			);
			defaultConfigurationIsVisible = 0;
			defaultConfigurationName = Release;
		};
/* End XCConfigurationList section */
	};
	rootObject = 341BF690222BB3170079EC19 /* Project object */;
}
